
Microsoft Visual Studio Solution File, Format Version 12.00
# Visual Studio Version 17
VisualStudioVersion = 17.7.34024.191
MinimumVisualStudioVersion = 10.0.40219.1
Project("{FAE04EC0-301F-11D3-BF4B-00C04F79EFBC}") = "Test backend .Net BSD", "Test backend .Net BSD\Test backend .Net BSD.csproj", "{723DBDFB-F754-449D-829C-F53A494C0F4C}"
EndProject
Project("{FAE04EC0-301F-11D3-BF4B-00C04F79EFBC}") = "ML", "ML\ML.csproj", "{06CA9434-A0DD-413C-95C6-890105EFD45F}"
EndProject
Project("{FAE04EC0-301F-11D3-BF4B-00C04F79EFBC}") = "DL", "DL\DL.csproj", "{66CCC230-6B82-46CD-AC99-0BF494C9F50F}"
EndProject
Project("{FAE04EC0-301F-11D3-BF4B-00C04F79EFBC}") = "BL", "BL\BL.csproj", "{1AA00CDD-44F8-43E7-BD0C-3A83868196F5}"
EndProject
Project("{FAE04EC0-301F-11D3-BF4B-00C04F79EFBC}") = "SL WebApi", "SL WebApi\SL WebApi.csproj", "{60D8762A-4D1B-4DE1-A519-9690F531DED0}"
EndProject
Global
	GlobalSection(SolutionConfigurationPlatforms) = preSolution
		Debug|Any CPU = Debug|Any CPU
		Release|Any CPU = Release|Any CPU
	EndGlobalSection
	GlobalSection(ProjectConfigurationPlatforms) = postSolution
		{723DBDFB-F754-449D-829C-F53A494C0F4C}.Debug|Any CPU.ActiveCfg = Debug|Any CPU
		{723DBDFB-F754-449D-829C-F53A494C0F4C}.Debug|Any CPU.Build.0 = Debug|Any CPU
		{723DBDFB-F754-449D-829C-F53A494C0F4C}.Release|Any CPU.ActiveCfg = Release|Any CPU
		{723DBDFB-F754-449D-829C-F53A494C0F4C}.Release|Any CPU.Build.0 = Release|Any CPU
		{06CA9434-A0DD-413C-95C6-890105EFD45F}.Debug|Any CPU.ActiveCfg = Debug|Any CPU
		{06CA9434-A0DD-413C-95C6-890105EFD45F}.Debug|Any CPU.Build.0 = Debug|Any CPU
		{06CA9434-A0DD-413C-95C6-890105EFD45F}.Release|Any CPU.ActiveCfg = Release|Any CPU
		{06CA9434-A0DD-413C-95C6-890105EFD45F}.Release|Any CPU.Build.0 = Release|Any CPU
		{66CCC230-6B82-46CD-AC99-0BF494C9F50F}.Debug|Any CPU.ActiveCfg = Debug|Any CPU
		{66CCC230-6B82-46CD-AC99-0BF494C9F50F}.Debug|Any CPU.Build.0 = Debug|Any CPU
		{66CCC230-6B82-46CD-AC99-0BF494C9F50F}.Release|Any CPU.ActiveCfg = Release|Any CPU
		{66CCC230-6B82-46CD-AC99-0BF494C9F50F}.Release|Any CPU.Build.0 = Release|Any CPU
		{1AA00CDD-44F8-43E7-BD0C-3A83868196F5}.Debug|Any CPU.ActiveCfg = Debug|Any CPU
		{1AA00CDD-44F8-43E7-BD0C-3A83868196F5}.Debug|Any CPU.Build.0 = Debug|Any CPU
		{1AA00CDD-44F8-43E7-BD0C-3A83868196F5}.Release|Any CPU.ActiveCfg = Release|Any CPU
		{1AA00CDD-44F8-43E7-BD0C-3A83868196F5}.Release|Any CPU.Build.0 = Release|Any CPU
		{60D8762A-4D1B-4DE1-A519-9690F531DED0}.Debug|Any CPU.ActiveCfg = Debug|Any CPU
		{60D8762A-4D1B-4DE1-A519-9690F531DED0}.Debug|Any CPU.Build.0 = Debug|Any CPU
		{60D8762A-4D1B-4DE1-A519-9690F531DED0}.Release|Any CPU.ActiveCfg = Release|Any CPU
		{60D8762A-4D1B-4DE1-A519-9690F531DED0}.Release|Any CPU.Build.0 = Release|Any CPU
	EndGlobalSection
	GlobalSection(SolutionProperties) = preSolution
		HideSolutionNode = FALSE
	EndGlobalSection
	GlobalSection(ExtensibilityGlobals) = postSolution
		SolutionGuid = {BEF7765E-6B84-4758-9942-0F508B69EA11}
	EndGlobalSection
EndGlobal
